// !$*UTF8*$!
{
	archiveVersion = 1;
	classes = {
	};
	objectVersion = 46;
	objects = {

/* Begin PBXBuildFile section */
		C50A83DA1B6B2A5700664633 /* Graph.m in Sources */ = {isa = PBXBuildFile; fileRef = C50A83D91B6B2A5700664633 /* Graph.m */; };
		C510C33B1B26D94400CCED33 /* Demo.m in Sources */ = {isa = PBXBuildFile; fileRef = C510C33A1B26D94400CCED33 /* Demo.m */; };
		C530C06D1B65313B00029629 /* HashTable.m in Sources */ = {isa = PBXBuildFile; fileRef = C530C06C1B65313B00029629 /* HashTable.m */; };
		C5757C351B15E8A20099CAAA /* Recursive.m in Sources */ = {isa = PBXBuildFile; fileRef = C5757C341B15E8A20099CAAA /* Recursive.m */; };
		C57A8C4D1BC267B20012249E /* LSD.m in Sources */ = {isa = PBXBuildFile; fileRef = C57A8C4C1BC267B20012249E /* LSD.m */; };
		C57A8C501BC3815B0012249E /* MSD.m in Sources */ = {isa = PBXBuildFile; fileRef = C57A8C4F1BC3815B0012249E /* MSD.m */; };
		C57A8C531BC3AEC90012249E /* Quick3String.m in Sources */ = {isa = PBXBuildFile; fileRef = C57A8C521BC3AEC90012249E /* Quick3String.m */; };
		C57D47631B19E30B00A5983D /* StackOperation.m in Sources */ = {isa = PBXBuildFile; fileRef = C57D47621B19E30B00A5983D /* StackOperation.m */; };
		C57E74E81B231E50002C1B45 /* Stack.m in Sources */ = {isa = PBXBuildFile; fileRef = C57E74E71B231E50002C1B45 /* Stack.m */; };
		C57E74EB1B231E70002C1B45 /* Node.m in Sources */ = {isa = PBXBuildFile; fileRef = C57E74EA1B231E70002C1B45 /* Node.m */; };
		C580FEF41B5BD9AF0028F3DF /* RedBlackTree.m in Sources */ = {isa = PBXBuildFile; fileRef = C580FEF31B5BD9AF0028F3DF /* RedBlackTree.m */; };
		C5859D561B7180D300F948E6 /* DirectedDFS.m in Sources */ = {isa = PBXBuildFile; fileRef = C5859D551B7180D300F948E6 /* DirectedDFS.m */; };
		C5878FCA1BC1848200CB69C9 /* KeyIndexSort.m in Sources */ = {isa = PBXBuildFile; fileRef = C5878FC91BC1848200CB69C9 /* KeyIndexSort.m */; };
		C59230CD1B761B0800A70415 /* DirectedCycle.m in Sources */ = {isa = PBXBuildFile; fileRef = C59230CC1B761B0800A70415 /* DirectedCycle.m */; };
		C59230D01B76509F00A70415 /* DepthFirstOrder.m in Sources */ = {isa = PBXBuildFile; fileRef = C59230CF1B76509F00A70415 /* DepthFirstOrder.m */; };
		C59230D31B7654AB00A70415 /* TopologicalSort.m in Sources */ = {isa = PBXBuildFile; fileRef = C59230D21B7654AB00A70415 /* TopologicalSort.m */; };
		C59760831B2F20590019C19F /* MySort.m in Sources */ = {isa = PBXBuildFile; fileRef = C59760821B2F20590019C19F /* MySort.m */; };
		C59F11C31B40283C0090E8BF /* PriorityQueue.m in Sources */ = {isa = PBXBuildFile; fileRef = C59F11C21B40283C0090E8BF /* PriorityQueue.m */; };
		C5A084561B70F3450049B679 /* Digraph.m in Sources */ = {isa = PBXBuildFile; fileRef = C5A084551B70F3450049B679 /* Digraph.m */; };
		C5A5B2DD1B44AEE300A93B49 /* NSStringUtil.m in Sources */ = {isa = PBXBuildFile; fileRef = C5A5B2DC1B44AEE300A93B49 /* NSStringUtil.m */; };
		C5A7F90D1C61FAF700E47F49 /* NSString+Reverse.m in Sources */ = {isa = PBXBuildFile; fileRef = C5A7F90C1C61FAF700E47F49 /* NSString+Reverse.m */; };
		C5B155B31B490E0A003BC2D4 /* BaseSymbolTable.m in Sources */ = {isa = PBXBuildFile; fileRef = C5B155B21B490E0A003BC2D4 /* BaseSymbolTable.m */; };
		C5B155B91B493AE4003BC2D4 /* SequenceTable.m in Sources */ = {isa = PBXBuildFile; fileRef = C5B155B81B493AE4003BC2D4 /* SequenceTable.m */; };
		C5B155BC1B495548003BC2D4 /* BinarySearchTable.m in Sources */ = {isa = PBXBuildFile; fileRef = C5B155BB1B495548003BC2D4 /* BinarySearchTable.m */; };
		C5BA300F1B155D130019BCA9 /* main.m in Sources */ = {isa = PBXBuildFile; fileRef = C5BA300E1B155D130019BCA9 /* main.m */; };
		C5BA30171B155D430019BCA9 /* MaxCommoDivisor.m in Sources */ = {isa = PBXBuildFile; fileRef = C5BA30161B155D430019BCA9 /* MaxCommoDivisor.m */; };
		C5BC1EFF1B66678A0085F544 /* LinearHashTable.m in Sources */ = {isa = PBXBuildFile; fileRef = C5BC1EFE1B66678A0085F544 /* LinearHashTable.m */; };
		C5BD29771B77323F00F4430F /* KosarajuCC.m in Sources */ = {isa = PBXBuildFile; fileRef = C5BD29761B77323F00F4430F /* KosarajuCC.m */; };
		C5BF32D31B25A0130069B972 /* Queue.m in Sources */ = {isa = PBXBuildFile; fileRef = C5BF32D21B25A0130069B972 /* Queue.m */; };
		C5C269151B6F9A2A0015C807 /* GraphCC.m in Sources */ = {isa = PBXBuildFile; fileRef = C5C269141B6F9A2A0015C807 /* GraphCC.m */; };
		C5C269181B6FA6480015C807 /* GraphCycle.m in Sources */ = {isa = PBXBuildFile; fileRef = C5C269171B6FA6480015C807 /* GraphCycle.m */; };
		C5C2691B1B6FB9E50015C807 /* GraphTwoColor.m in Sources */ = {isa = PBXBuildFile; fileRef = C5C2691A1B6FB9E50015C807 /* GraphTwoColor.m */; };
		C5D12FDF1B4AB849007BDC66 /* Search.m in Sources */ = {isa = PBXBuildFile; fileRef = C5D12FDE1B4AB849007BDC66 /* Search.m */; };
		C5D625D81B6DC1F900F98BA9 /* DepthFirstSearch.m in Sources */ = {isa = PBXBuildFile; fileRef = C5D625D71B6DC1F900F98BA9 /* DepthFirstSearch.m */; };
		C5D625DB1B6E0E0C00F98BA9 /* DepthFirstPath.m in Sources */ = {isa = PBXBuildFile; fileRef = C5D625DA1B6E0E0C00F98BA9 /* DepthFirstPath.m */; };
		C5D625DE1B6E2C4900F98BA9 /* BreadthFirstPath.m in Sources */ = {isa = PBXBuildFile; fileRef = C5D625DD1B6E2C4900F98BA9 /* BreadthFirstPath.m */; };
		C5E34B431B296CEB003561F1 /* StackSum.m in Sources */ = {isa = PBXBuildFile; fileRef = C5E34B421B296CEB003561F1 /* StackSum.m */; };
		C5E6322A1B4EB83000864026 /* BinarySearchTree.m in Sources */ = {isa = PBXBuildFile; fileRef = C5E632291B4EB83000864026 /* BinarySearchTree.m */; };
		C5E985D81B2D93AC003493EB /* DynamicUnion.m in Sources */ = {isa = PBXBuildFile; fileRef = C5E985D71B2D93AC003493EB /* DynamicUnion.m */; };
		C5E985DF1B2DC720003493EB /* DynamicUnionWeight.m in Sources */ = {isa = PBXBuildFile; fileRef = C5E985DE1B2DC720003493EB /* DynamicUnionWeight.m */; };
/* End PBXBuildFile section */

/* Begin PBXCopyFilesBuildPhase section */
		C5BA30091B155D130019BCA9 /* CopyFiles */ = {
			isa = PBXCopyFilesBuildPhase;
			buildActionMask = 2147483647;
			dstPath = /usr/share/man/man1/;
			dstSubfolderSpec = 0;
			files = (
			);
			runOnlyForDeploymentPostprocessing = 1;
		};
/* End PBXCopyFilesBuildPhase section */

/* Begin PBXFileReference section */
		C50A83D81B6B2A5700664633 /* Graph.h */ = {isa = PBXFileReference; fileEncoding = 4; lastKnownFileType = sourcecode.c.h; path = Graph.h; sourceTree = "<group>"; };
		C50A83D91B6B2A5700664633 /* Graph.m */ = {isa = PBXFileReference; fileEncoding = 4; lastKnownFileType = sourcecode.c.objc; path = Graph.m; sourceTree = "<group>"; };
		C510C3391B26D94400CCED33 /* Demo.h */ = {isa = PBXFileReference; fileEncoding = 4; lastKnownFileType = sourcecode.c.h; path = Demo.h; sourceTree = "<group>"; };
		C510C33A1B26D94400CCED33 /* Demo.m */ = {isa = PBXFileReference; fileEncoding = 4; lastKnownFileType = sourcecode.c.objc; path = Demo.m; sourceTree = "<group>"; };
		C530C06B1B65313B00029629 /* HashTable.h */ = {isa = PBXFileReference; fileEncoding = 4; lastKnownFileType = sourcecode.c.h; path = HashTable.h; sourceTree = "<group>"; };
		C530C06C1B65313B00029629 /* HashTable.m */ = {isa = PBXFileReference; fileEncoding = 4; lastKnownFileType = sourcecode.c.objc; path = HashTable.m; sourceTree = "<group>"; };
		C5757C331B15E8A20099CAAA /* Recursive.h */ = {isa = PBXFileReference; fileEncoding = 4; lastKnownFileType = sourcecode.c.h; path = Recursive.h; sourceTree = "<group>"; };
		C5757C341B15E8A20099CAAA /* Recursive.m */ = {isa = PBXFileReference; fileEncoding = 4; lastKnownFileType = sourcecode.c.objc; path = Recursive.m; sourceTree = "<group>"; };
		C57A8C4B1BC267B20012249E /* LSD.h */ = {isa = PBXFileReference; fileEncoding = 4; lastKnownFileType = sourcecode.c.h; path = LSD.h; sourceTree = "<group>"; };
		C57A8C4C1BC267B20012249E /* LSD.m */ = {isa = PBXFileReference; fileEncoding = 4; lastKnownFileType = sourcecode.c.objc; path = LSD.m; sourceTree = "<group>"; };
		C57A8C4E1BC3815B0012249E /* MSD.h */ = {isa = PBXFileReference; fileEncoding = 4; lastKnownFileType = sourcecode.c.h; path = MSD.h; sourceTree = "<group>"; };
		C57A8C4F1BC3815B0012249E /* MSD.m */ = {isa = PBXFileReference; fileEncoding = 4; lastKnownFileType = sourcecode.c.objc; path = MSD.m; sourceTree = "<group>"; };
		C57A8C511BC3AEC90012249E /* Quick3String.h */ = {isa = PBXFileReference; fileEncoding = 4; lastKnownFileType = sourcecode.c.h; path = Quick3String.h; sourceTree = "<group>"; };
		C57A8C521BC3AEC90012249E /* Quick3String.m */ = {isa = PBXFileReference; fileEncoding = 4; lastKnownFileType = sourcecode.c.objc; path = Quick3String.m; sourceTree = "<group>"; };
		C57D47611B19E30B00A5983D /* StackOperation.h */ = {isa = PBXFileReference; fileEncoding = 4; lastKnownFileType = sourcecode.c.h; path = StackOperation.h; sourceTree = "<group>"; };
		C57D47621B19E30B00A5983D /* StackOperation.m */ = {isa = PBXFileReference; fileEncoding = 4; lastKnownFileType = sourcecode.c.objc; path = StackOperation.m; sourceTree = "<group>"; };
		C57E74E61B231E50002C1B45 /* Stack.h */ = {isa = PBXFileReference; fileEncoding = 4; lastKnownFileType = sourcecode.c.h; path = Stack.h; sourceTree = "<group>"; };
		C57E74E71B231E50002C1B45 /* Stack.m */ = {isa = PBXFileReference; fileEncoding = 4; lastKnownFileType = sourcecode.c.objc; path = Stack.m; sourceTree = "<group>"; };
		C57E74E91B231E70002C1B45 /* Node.h */ = {isa = PBXFileReference; fileEncoding = 4; lastKnownFileType = sourcecode.c.h; path = Node.h; sourceTree = "<group>"; };
		C57E74EA1B231E70002C1B45 /* Node.m */ = {isa = PBXFileReference; fileEncoding = 4; lastKnownFileType = sourcecode.c.objc; path = Node.m; sourceTree = "<group>"; };
		C580FEF21B5BD9AF0028F3DF /* RedBlackTree.h */ = {isa = PBXFileReference; fileEncoding = 4; lastKnownFileType = sourcecode.c.h; path = RedBlackTree.h; sourceTree = "<group>"; };
		C580FEF31B5BD9AF0028F3DF /* RedBlackTree.m */ = {isa = PBXFileReference; fileEncoding = 4; lastKnownFileType = sourcecode.c.objc; path = RedBlackTree.m; sourceTree = "<group>"; };
		C5859D541B7180D300F948E6 /* DirectedDFS.h */ = {isa = PBXFileReference; fileEncoding = 4; lastKnownFileType = sourcecode.c.h; path = DirectedDFS.h; sourceTree = "<group>"; };
		C5859D551B7180D300F948E6 /* DirectedDFS.m */ = {isa = PBXFileReference; fileEncoding = 4; lastKnownFileType = sourcecode.c.objc; path = DirectedDFS.m; sourceTree = "<group>"; };
		C5878FC81BC1848200CB69C9 /* KeyIndexSort.h */ = {isa = PBXFileReference; fileEncoding = 4; lastKnownFileType = sourcecode.c.h; path = KeyIndexSort.h; sourceTree = "<group>"; };
		C5878FC91BC1848200CB69C9 /* KeyIndexSort.m */ = {isa = PBXFileReference; fileEncoding = 4; lastKnownFileType = sourcecode.c.objc; path = KeyIndexSort.m; sourceTree = "<group>"; };
		C59230CB1B761B0800A70415 /* DirectedCycle.h */ = {isa = PBXFileReference; fileEncoding = 4; lastKnownFileType = sourcecode.c.h; path = DirectedCycle.h; sourceTree = "<group>"; };
		C59230CC1B761B0800A70415 /* DirectedCycle.m */ = {isa = PBXFileReference; fileEncoding = 4; lastKnownFileType = sourcecode.c.objc; path = DirectedCycle.m; sourceTree = "<group>"; };
		C59230CE1B76509F00A70415 /* DepthFirstOrder.h */ = {isa = PBXFileReference; fileEncoding = 4; lastKnownFileType = sourcecode.c.h; path = DepthFirstOrder.h; sourceTree = "<group>"; };
		C59230CF1B76509F00A70415 /* DepthFirstOrder.m */ = {isa = PBXFileReference; fileEncoding = 4; lastKnownFileType = sourcecode.c.objc; path = DepthFirstOrder.m; sourceTree = "<group>"; };
		C59230D11B7654AB00A70415 /* TopologicalSort.h */ = {isa = PBXFileReference; fileEncoding = 4; lastKnownFileType = sourcecode.c.h; path = TopologicalSort.h; sourceTree = "<group>"; };
		C59230D21B7654AB00A70415 /* TopologicalSort.m */ = {isa = PBXFileReference; fileEncoding = 4; lastKnownFileType = sourcecode.c.objc; path = TopologicalSort.m; sourceTree = "<group>"; };
		C59760811B2F20590019C19F /* MySort.h */ = {isa = PBXFileReference; fileEncoding = 4; lastKnownFileType = sourcecode.c.h; path = MySort.h; sourceTree = "<group>"; };
		C59760821B2F20590019C19F /* MySort.m */ = {isa = PBXFileReference; fileEncoding = 4; lastKnownFileType = sourcecode.c.objc; path = MySort.m; sourceTree = "<group>"; };
		C59F11C11B40283C0090E8BF /* PriorityQueue.h */ = {isa = PBXFileReference; fileEncoding = 4; lastKnownFileType = sourcecode.c.h; path = PriorityQueue.h; sourceTree = "<group>"; };
		C59F11C21B40283C0090E8BF /* PriorityQueue.m */ = {isa = PBXFileReference; fileEncoding = 4; lastKnownFileType = sourcecode.c.objc; path = PriorityQueue.m; sourceTree = "<group>"; };
		C5A084541B70F3450049B679 /* Digraph.h */ = {isa = PBXFileReference; fileEncoding = 4; lastKnownFileType = sourcecode.c.h; path = Digraph.h; sourceTree = "<group>"; };
		C5A084551B70F3450049B679 /* Digraph.m */ = {isa = PBXFileReference; fileEncoding = 4; lastKnownFileType = sourcecode.c.objc; path = Digraph.m; sourceTree = "<group>"; };
		C5A5B2DB1B44AEE300A93B49 /* NSStringUtil.h */ = {isa = PBXFileReference; fileEncoding = 4; lastKnownFileType = sourcecode.c.h; path = NSStringUtil.h; sourceTree = "<group>"; };
		C5A5B2DC1B44AEE300A93B49 /* NSStringUtil.m */ = {isa = PBXFileReference; fileEncoding = 4; lastKnownFileType = sourcecode.c.objc; path = NSStringUtil.m; sourceTree = "<group>"; };
		C5A7F90B1C61FAF700E47F49 /* NSString+Reverse.h */ = {isa = PBXFileReference; fileEncoding = 4; lastKnownFileType = sourcecode.c.h; path = "NSString+Reverse.h"; sourceTree = "<group>"; };
		C5A7F90C1C61FAF700E47F49 /* NSString+Reverse.m */ = {isa = PBXFileReference; fileEncoding = 4; lastKnownFileType = sourcecode.c.objc; path = "NSString+Reverse.m"; sourceTree = "<group>"; };
		C5B155B11B490E0A003BC2D4 /* BaseSymbolTable.h */ = {isa = PBXFileReference; fileEncoding = 4; lastKnownFileType = sourcecode.c.h; path = BaseSymbolTable.h; sourceTree = "<group>"; };
		C5B155B21B490E0A003BC2D4 /* BaseSymbolTable.m */ = {isa = PBXFileReference; fileEncoding = 4; lastKnownFileType = sourcecode.c.objc; path = BaseSymbolTable.m; sourceTree = "<group>"; };
		C5B155B71B493AE4003BC2D4 /* SequenceTable.h */ = {isa = PBXFileReference; fileEncoding = 4; lastKnownFileType = sourcecode.c.h; path = SequenceTable.h; sourceTree = "<group>"; };
		C5B155B81B493AE4003BC2D4 /* SequenceTable.m */ = {isa = PBXFileReference; fileEncoding = 4; lastKnownFileType = sourcecode.c.objc; path = SequenceTable.m; sourceTree = "<group>"; };
		C5B155BA1B495548003BC2D4 /* BinarySearchTable.h */ = {isa = PBXFileReference; fileEncoding = 4; lastKnownFileType = sourcecode.c.h; path = BinarySearchTable.h; sourceTree = "<group>"; };
		C5B155BB1B495548003BC2D4 /* BinarySearchTable.m */ = {isa = PBXFileReference; fileEncoding = 4; lastKnownFileType = sourcecode.c.objc; path = BinarySearchTable.m; sourceTree = "<group>"; };
		C5BA300B1B155D130019BCA9 /* FEAlogrithm */ = {isa = PBXFileReference; explicitFileType = "compiled.mach-o.executable"; includeInIndex = 0; path = FEAlogrithm; sourceTree = BUILT_PRODUCTS_DIR; };
		C5BA300E1B155D130019BCA9 /* main.m */ = {isa = PBXFileReference; lastKnownFileType = sourcecode.c.objc; path = main.m; sourceTree = "<group>"; };
		C5BA30151B155D430019BCA9 /* MaxCommoDivisor.h */ = {isa = PBXFileReference; fileEncoding = 4; lastKnownFileType = sourcecode.c.h; path = MaxCommoDivisor.h; sourceTree = "<group>"; };
		C5BA30161B155D430019BCA9 /* MaxCommoDivisor.m */ = {isa = PBXFileReference; fileEncoding = 4; lastKnownFileType = sourcecode.c.objc; path = MaxCommoDivisor.m; sourceTree = "<group>"; };
		C5BC1EFD1B66678A0085F544 /* LinearHashTable.h */ = {isa = PBXFileReference; fileEncoding = 4; lastKnownFileType = sourcecode.c.h; path = LinearHashTable.h; sourceTree = "<group>"; };
		C5BC1EFE1B66678A0085F544 /* LinearHashTable.m */ = {isa = PBXFileReference; fileEncoding = 4; lastKnownFileType = sourcecode.c.objc; path = LinearHashTable.m; sourceTree = "<group>"; };
		C5BD29751B77323F00F4430F /* KosarajuCC.h */ = {isa = PBXFileReference; fileEncoding = 4; lastKnownFileType = sourcecode.c.h; path = KosarajuCC.h; sourceTree = "<group>"; };
		C5BD29761B77323F00F4430F /* KosarajuCC.m */ = {isa = PBXFileReference; fileEncoding = 4; lastKnownFileType = sourcecode.c.objc; path = KosarajuCC.m; sourceTree = "<group>"; };
		C5BF32D11B25A0130069B972 /* Queue.h */ = {isa = PBXFileReference; fileEncoding = 4; lastKnownFileType = sourcecode.c.h; path = Queue.h; sourceTree = "<group>"; };
		C5BF32D21B25A0130069B972 /* Queue.m */ = {isa = PBXFileReference; fileEncoding = 4; lastKnownFileType = sourcecode.c.objc; path = Queue.m; sourceTree = "<group>"; };
		C5C269131B6F9A2A0015C807 /* GraphCC.h */ = {isa = PBXFileReference; fileEncoding = 4; lastKnownFileType = sourcecode.c.h; path = GraphCC.h; sourceTree = "<group>"; };
		C5C269141B6F9A2A0015C807 /* GraphCC.m */ = {isa = PBXFileReference; fileEncoding = 4; lastKnownFileType = sourcecode.c.objc; path = GraphCC.m; sourceTree = "<group>"; };
		C5C269161B6FA6480015C807 /* GraphCycle.h */ = {isa = PBXFileReference; fileEncoding = 4; lastKnownFileType = sourcecode.c.h; path = GraphCycle.h; sourceTree = "<group>"; };
		C5C269171B6FA6480015C807 /* GraphCycle.m */ = {isa = PBXFileReference; fileEncoding = 4; lastKnownFileType = sourcecode.c.objc; path = GraphCycle.m; sourceTree = "<group>"; };
		C5C269191B6FB9E50015C807 /* GraphTwoColor.h */ = {isa = PBXFileReference; fileEncoding = 4; lastKnownFileType = sourcecode.c.h; path = GraphTwoColor.h; sourceTree = "<group>"; };
		C5C2691A1B6FB9E50015C807 /* GraphTwoColor.m */ = {isa = PBXFileReference; fileEncoding = 4; lastKnownFileType = sourcecode.c.objc; path = GraphTwoColor.m; sourceTree = "<group>"; };
		C5D12FDD1B4AB849007BDC66 /* Search.h */ = {isa = PBXFileReference; fileEncoding = 4; lastKnownFileType = sourcecode.c.h; path = Search.h; sourceTree = "<group>"; };
		C5D12FDE1B4AB849007BDC66 /* Search.m */ = {isa = PBXFileReference; fileEncoding = 4; lastKnownFileType = sourcecode.c.objc; path = Search.m; sourceTree = "<group>"; };
		C5D625D61B6DC1F900F98BA9 /* DepthFirstSearch.h */ = {isa = PBXFileReference; fileEncoding = 4; lastKnownFileType = sourcecode.c.h; path = DepthFirstSearch.h; sourceTree = "<group>"; };
		C5D625D71B6DC1F900F98BA9 /* DepthFirstSearch.m */ = {isa = PBXFileReference; fileEncoding = 4; lastKnownFileType = sourcecode.c.objc; path = DepthFirstSearch.m; sourceTree = "<group>"; };
		C5D625D91B6E0E0C00F98BA9 /* DepthFirstPath.h */ = {isa = PBXFileReference; fileEncoding = 4; lastKnownFileType = sourcecode.c.h; path = DepthFirstPath.h; sourceTree = "<group>"; };
		C5D625DA1B6E0E0C00F98BA9 /* DepthFirstPath.m */ = {isa = PBXFileReference; fileEncoding = 4; lastKnownFileType = sourcecode.c.objc; path = DepthFirstPath.m; sourceTree = "<group>"; };
		C5D625DC1B6E2C4900F98BA9 /* BreadthFirstPath.h */ = {isa = PBXFileReference; fileEncoding = 4; lastKnownFileType = sourcecode.c.h; path = BreadthFirstPath.h; sourceTree = "<group>"; };
		C5D625DD1B6E2C4900F98BA9 /* BreadthFirstPath.m */ = {isa = PBXFileReference; fileEncoding = 4; lastKnownFileType = sourcecode.c.objc; path = BreadthFirstPath.m; sourceTree = "<group>"; };
		C5E34B411B296CEB003561F1 /* StackSum.h */ = {isa = PBXFileReference; fileEncoding = 4; lastKnownFileType = sourcecode.c.h; path = StackSum.h; sourceTree = "<group>"; };
		C5E34B421B296CEB003561F1 /* StackSum.m */ = {isa = PBXFileReference; fileEncoding = 4; lastKnownFileType = sourcecode.c.objc; path = StackSum.m; sourceTree = "<group>"; };
		C5E632281B4EB83000864026 /* BinarySearchTree.h */ = {isa = PBXFileReference; fileEncoding = 4; lastKnownFileType = sourcecode.c.h; path = BinarySearchTree.h; sourceTree = "<group>"; };
		C5E632291B4EB83000864026 /* BinarySearchTree.m */ = {isa = PBXFileReference; fileEncoding = 4; lastKnownFileType = sourcecode.c.objc; path = BinarySearchTree.m; sourceTree = "<group>"; };
		C5E985D61B2D93AC003493EB /* DynamicUnion.h */ = {isa = PBXFileReference; fileEncoding = 4; lastKnownFileType = sourcecode.c.h; path = DynamicUnion.h; sourceTree = "<group>"; };
		C5E985D71B2D93AC003493EB /* DynamicUnion.m */ = {isa = PBXFileReference; fileEncoding = 4; lastKnownFileType = sourcecode.c.objc; path = DynamicUnion.m; sourceTree = "<group>"; };
		C5E985DD1B2DC720003493EB /* DynamicUnionWeight.h */ = {isa = PBXFileReference; fileEncoding = 4; lastKnownFileType = sourcecode.c.h; path = DynamicUnionWeight.h; sourceTree = "<group>"; };
		C5E985DE1B2DC720003493EB /* DynamicUnionWeight.m */ = {isa = PBXFileReference; fileEncoding = 4; lastKnownFileType = sourcecode.c.objc; path = DynamicUnionWeight.m; sourceTree = "<group>"; };
/* End PBXFileReference section */

/* Begin PBXFrameworksBuildPhase section */
		C5BA30081B155D130019BCA9 /* Frameworks */ = {
			isa = PBXFrameworksBuildPhase;
			buildActionMask = 2147483647;
			files = (
			);
			runOnlyForDeploymentPostprocessing = 0;
		};
/* End PBXFrameworksBuildPhase section */

/* Begin PBXGroup section */
		C5878FC71BC1804400CB69C9 /* String */ = {
			isa = PBXGroup;
			children = (
				C5878FC81BC1848200CB69C9 /* KeyIndexSort.h */,
				C5878FC91BC1848200CB69C9 /* KeyIndexSort.m */,
				C57A8C4B1BC267B20012249E /* LSD.h */,
				C57A8C4C1BC267B20012249E /* LSD.m */,
				C57A8C4E1BC3815B0012249E /* MSD.h */,
				C57A8C4F1BC3815B0012249E /* MSD.m */,
				C57A8C511BC3AEC90012249E /* Quick3String.h */,
				C57A8C521BC3AEC90012249E /* Quick3String.m */,
				C5A7F90B1C61FAF700E47F49 /* NSString+Reverse.h */,
				C5A7F90C1C61FAF700E47F49 /* NSString+Reverse.m */,
			);
			name = String;
			sourceTree = "<group>";
		};
		C5BA30021B155D130019BCA9 = {
			isa = PBXGroup;
			children = (
				C5BA300D1B155D130019BCA9 /* AlogrithmAll */,
				C5BA300C1B155D130019BCA9 /* Products */,
			);
			sourceTree = "<group>";
		};
		C5BA300C1B155D130019BCA9 /* Products */ = {
			isa = PBXGroup;
			children = (
				C5BA300B1B155D130019BCA9 /* FEAlogrithm */,
			);
			name = Products;
			sourceTree = "<group>";
		};
		C5BA300D1B155D130019BCA9 /* AlogrithmAll */ = {
			isa = PBXGroup;
			children = (
				C5878FC71BC1804400CB69C9 /* String */,
				C5D625D51B6DBB4200F98BA9 /* Graphic */,
				C5BA300E1B155D130019BCA9 /* main.m */,
				C5BA30151B155D430019BCA9 /* MaxCommoDivisor.h */,
				C5BA30161B155D430019BCA9 /* MaxCommoDivisor.m */,
				C5757C331B15E8A20099CAAA /* Recursive.h */,
				C5757C341B15E8A20099CAAA /* Recursive.m */,
				C57D47611B19E30B00A5983D /* StackOperation.h */,
				C57D47621B19E30B00A5983D /* StackOperation.m */,
				C57E74E61B231E50002C1B45 /* Stack.h */,
				C57E74E71B231E50002C1B45 /* Stack.m */,
				C57E74E91B231E70002C1B45 /* Node.h */,
				C57E74EA1B231E70002C1B45 /* Node.m */,
				C5BF32D11B25A0130069B972 /* Queue.h */,
				C5BF32D21B25A0130069B972 /* Queue.m */,
				C510C3391B26D94400CCED33 /* Demo.h */,
				C510C33A1B26D94400CCED33 /* Demo.m */,
				C5E34B411B296CEB003561F1 /* StackSum.h */,
				C5E34B421B296CEB003561F1 /* StackSum.m */,
				C5E985D61B2D93AC003493EB /* DynamicUnion.h */,
				C5E985D71B2D93AC003493EB /* DynamicUnion.m */,
				C5E985DD1B2DC720003493EB /* DynamicUnionWeight.h */,
				C5E985DE1B2DC720003493EB /* DynamicUnionWeight.m */,
				C59760811B2F20590019C19F /* MySort.h */,
				C59760821B2F20590019C19F /* MySort.m */,
				C59F11C11B40283C0090E8BF /* PriorityQueue.h */,
				C59F11C21B40283C0090E8BF /* PriorityQueue.m */,
				C5A5B2DB1B44AEE300A93B49 /* NSStringUtil.h */,
				C5A5B2DC1B44AEE300A93B49 /* NSStringUtil.m */,
				C5B155B11B490E0A003BC2D4 /* BaseSymbolTable.h */,
				C5B155B21B490E0A003BC2D4 /* BaseSymbolTable.m */,
				C5B155B71B493AE4003BC2D4 /* SequenceTable.h */,
				C5B155B81B493AE4003BC2D4 /* SequenceTable.m */,
				C5B155BA1B495548003BC2D4 /* BinarySearchTable.h */,
				C5B155BB1B495548003BC2D4 /* BinarySearchTable.m */,
				C5D12FDD1B4AB849007BDC66 /* Search.h */,
				C5D12FDE1B4AB849007BDC66 /* Search.m */,
				C5E632281B4EB83000864026 /* BinarySearchTree.h */,
				C5E632291B4EB83000864026 /* BinarySearchTree.m */,
				C580FEF21B5BD9AF0028F3DF /* RedBlackTree.h */,
				C580FEF31B5BD9AF0028F3DF /* RedBlackTree.m */,
				C530C06B1B65313B00029629 /* HashTable.h */,
				C530C06C1B65313B00029629 /* HashTable.m */,
				C5BC1EFD1B66678A0085F544 /* LinearHashTable.h */,
				C5BC1EFE1B66678A0085F544 /* LinearHashTable.m */,
			);
			path = AlogrithmAll;
			sourceTree = "<group>";
		};
		C5D625D51B6DBB4200F98BA9 /* Graphic */ = {
			isa = PBXGroup;
			children = (
				C50A83D81B6B2A5700664633 /* Graph.h */,
				C50A83D91B6B2A5700664633 /* Graph.m */,
				C5D625D61B6DC1F900F98BA9 /* DepthFirstSearch.h */,
				C5D625D71B6DC1F900F98BA9 /* DepthFirstSearch.m */,
				C5D625D91B6E0E0C00F98BA9 /* DepthFirstPath.h */,
				C5D625DA1B6E0E0C00F98BA9 /* DepthFirstPath.m */,
				C5D625DC1B6E2C4900F98BA9 /* BreadthFirstPath.h */,
				C5D625DD1B6E2C4900F98BA9 /* BreadthFirstPath.m */,
				C5C269131B6F9A2A0015C807 /* GraphCC.h */,
				C5C269141B6F9A2A0015C807 /* GraphCC.m */,
				C5C269161B6FA6480015C807 /* GraphCycle.h */,
				C5C269171B6FA6480015C807 /* GraphCycle.m */,
				C5C269191B6FB9E50015C807 /* GraphTwoColor.h */,
				C5C2691A1B6FB9E50015C807 /* GraphTwoColor.m */,
				C5A084541B70F3450049B679 /* Digraph.h */,
				C5A084551B70F3450049B679 /* Digraph.m */,
				C5859D541B7180D300F948E6 /* DirectedDFS.h */,
				C5859D551B7180D300F948E6 /* DirectedDFS.m */,
				C59230CB1B761B0800A70415 /* DirectedCycle.h */,
				C59230CC1B761B0800A70415 /* DirectedCycle.m */,
				C59230CE1B76509F00A70415 /* DepthFirstOrder.h */,
				C59230CF1B76509F00A70415 /* DepthFirstOrder.m */,
				C59230D11B7654AB00A70415 /* TopologicalSort.h */,
				C59230D21B7654AB00A70415 /* TopologicalSort.m */,
				C5BD29751B77323F00F4430F /* KosarajuCC.h */,
				C5BD29761B77323F00F4430F /* KosarajuCC.m */,
			);
			name = Graphic;
			sourceTree = "<group>";
		};
/* End PBXGroup section */

/* Begin PBXNativeTarget section */
		C5BA300A1B155D130019BCA9 /* FEAlogrithm */ = {
			isa = PBXNativeTarget;
			buildConfigurationList = C5BA30121B155D130019BCA9 /* Build configuration list for PBXNativeTarget "FEAlogrithm" */;
			buildPhases = (
				C5BA30071B155D130019BCA9 /* Sources */,
				C5BA30081B155D130019BCA9 /* Frameworks */,
				C5BA30091B155D130019BCA9 /* CopyFiles */,
			);
			buildRules = (
			);
			dependencies = (
			);
			name = FEAlogrithm;
			productName = AlogrithmAll;
			productReference = C5BA300B1B155D130019BCA9 /* FEAlogrithm */;
			productType = "com.apple.product-type.tool";
		};
/* End PBXNativeTarget section */

/* Begin PBXProject section */
		C5BA30031B155D130019BCA9 /* Project object */ = {
			isa = PBXProject;
			attributes = {
				LastUpgradeCheck = 0630;
				ORGANIZATIONNAME = keso;
				TargetAttributes = {
					C5BA300A1B155D130019BCA9 = {
						CreatedOnToolsVersion = 6.3.1;
					};
				};
			};
			buildConfigurationList = C5BA30061B155D130019BCA9 /* Build configuration list for PBXProject "FEAlogrithm" */;
			compatibilityVersion = "Xcode 3.2";
			developmentRegion = English;
			hasScannedForEncodings = 0;
			knownRegions = (
				en,
			);
			mainGroup = C5BA30021B155D130019BCA9;
			productRefGroup = C5BA300C1B155D130019BCA9 /* Products */;
			projectDirPath = "";
			projectRoot = "";
			targets = (
				C5BA300A1B155D130019BCA9 /* FEAlogrithm */,
			);
		};
/* End PBXProject section */

/* Begin PBXSourcesBuildPhase section */
		C5BA30071B155D130019BCA9 /* Sources */ = {
			isa = PBXSourcesBuildPhase;
			buildActionMask = 2147483647;
			files = (
				C57A8C531BC3AEC90012249E /* Quick3String.m in Sources */,
				C5D625DE1B6E2C4900F98BA9 /* BreadthFirstPath.m in Sources */,
				C530C06D1B65313B00029629 /* HashTable.m in Sources */,
				C5A084561B70F3450049B679 /* Digraph.m in Sources */,
				C59760831B2F20590019C19F /* MySort.m in Sources */,
				C5C269151B6F9A2A0015C807 /* GraphCC.m in Sources */,
				C5BF32D31B25A0130069B972 /* Queue.m in Sources */,
				C5B155BC1B495548003BC2D4 /* BinarySearchTable.m in Sources */,
				C59F11C31B40283C0090E8BF /* PriorityQueue.m in Sources */,
				C5859D561B7180D300F948E6 /* DirectedDFS.m in Sources */,
				C5A7F90D1C61FAF700E47F49 /* NSString+Reverse.m in Sources */,
				C5BA300F1B155D130019BCA9 /* main.m in Sources */,
				C5E34B431B296CEB003561F1 /* StackSum.m in Sources */,
				C5C269181B6FA6480015C807 /* GraphCycle.m in Sources */,
				C57A8C4D1BC267B20012249E /* LSD.m in Sources */,
				C5BD29771B77323F00F4430F /* KosarajuCC.m in Sources */,
				C5878FCA1BC1848200CB69C9 /* KeyIndexSort.m in Sources */,
				C5B155B31B490E0A003BC2D4 /* BaseSymbolTable.m in Sources */,
				C5E6322A1B4EB83000864026 /* BinarySearchTree.m in Sources */,
				C5BA30171B155D430019BCA9 /* MaxCommoDivisor.m in Sources */,
				C5E985DF1B2DC720003493EB /* DynamicUnionWeight.m in Sources */,
				C59230D31B7654AB00A70415 /* TopologicalSort.m in Sources */,
				C50A83DA1B6B2A5700664633 /* Graph.m in Sources */,
				C5D12FDF1B4AB849007BDC66 /* Search.m in Sources */,
				C57D47631B19E30B00A5983D /* StackOperation.m in Sources */,
				C5BC1EFF1B66678A0085F544 /* LinearHashTable.m in Sources */,
				C59230CD1B761B0800A70415 /* DirectedCycle.m in Sources */,
				C57E74E81B231E50002C1B45 /* Stack.m in Sources */,
				C57A8C501BC3815B0012249E /* MSD.m in Sources */,
				C5E985D81B2D93AC003493EB /* DynamicUnion.m in Sources */,
				C5757C351B15E8A20099CAAA /* Recursive.m in Sources */,
				C5B155B91B493AE4003BC2D4 /* SequenceTable.m in Sources */,
				C5A5B2DD1B44AEE300A93B49 /* NSStringUtil.m in Sources */,
				C580FEF41B5BD9AF0028F3DF /* RedBlackTree.m in Sources */,
				C5D625D81B6DC1F900F98BA9 /* DepthFirstSearch.m in Sources */,
				C5D625DB1B6E0E0C00F98BA9 /* DepthFirstPath.m in Sources */,
				C5C2691B1B6FB9E50015C807 /* GraphTwoColor.m in Sources */,
				C510C33B1B26D94400CCED33 /* Demo.m in Sources */,
				C57E74EB1B231E70002C1B45 /* Node.m in Sources */,
				C59230D01B76509F00A70415 /* DepthFirstOrder.m in Sources */,
			);
			runOnlyForDeploymentPostprocessing = 0;
		};
/* End PBXSourcesBuildPhase section */

/* Begin XCBuildConfiguration section */
		C5BA30101B155D130019BCA9 /* Debug */ = {
			isa = XCBuildConfiguration;
			buildSettings = {
				ALWAYS_SEARCH_USER_PATHS = NO;
				CLANG_CXX_LANGUAGE_STANDARD = "gnu++0x";
				CLANG_CXX_LIBRARY = "libc++";
				CLANG_ENABLE_MODULES = YES;
				CLANG_ENABLE_OBJC_ARC = YES;
				CLANG_WARN_BOOL_CONVERSION = YES;
				CLANG_WARN_CONSTANT_CONVERSION = YES;
				CLANG_WARN_DIRECT_OBJC_ISA_USAGE = YES_ERROR;
				CLANG_WARN_EMPTY_BODY = YES;
				CLANG_WARN_ENUM_CONVERSION = YES;
				CLANG_WARN_INT_CONVERSION = YES;
				CLANG_WARN_OBJC_ROOT_CLASS = YES_ERROR;
				CLANG_WARN_UNREACHABLE_CODE = YES;
				CLANG_WARN__DUPLICATE_METHOD_MATCH = YES;
				COPY_PHASE_STRIP = NO;
				DEBUG_INFORMATION_FORMAT = dwarf;
				ENABLE_STRICT_OBJC_MSGSEND = YES;
				GCC_C_LANGUAGE_STANDARD = gnu99;
				GCC_DYNAMIC_NO_PIC = NO;
				GCC_NO_COMMON_BLOCKS = YES;
				GCC_OPTIMIZATION_LEVEL = 0;
				GCC_PREPROCESSOR_DEFINITIONS = (
					"DEBUG=1",
					"$(inherited)",
				);
				GCC_SYMBOLS_PRIVATE_EXTERN = NO;
				GCC_WARN_64_TO_32_BIT_CONVERSION = YES;
				GCC_WARN_ABOUT_RETURN_TYPE = YES_ERROR;
				GCC_WARN_UNDECLARED_SELECTOR = YES;
				GCC_WARN_UNINITIALIZED_AUTOS = YES_AGGRESSIVE;
				GCC_WARN_UNUSED_FUNCTION = YES;
				GCC_WARN_UNUSED_VARIABLE = YES;
				MACOSX_DEPLOYMENT_TARGET = 10.10;
				MTL_ENABLE_DEBUG_INFO = YES;
				ONLY_ACTIVE_ARCH = YES;
				SDKROOT = macosx;
			};
			name = Debug;
		};
		C5BA30111B155D130019BCA9 /* Release */ = {
			isa = XCBuildConfiguration;
			buildSettings = {
				ALWAYS_SEARCH_USER_PATHS = NO;
				CLANG_CXX_LANGUAGE_STANDARD = "gnu++0x";
				CLANG_CXX_LIBRARY = "libc++";
				CLANG_ENABLE_MODULES = YES;
				CLANG_ENABLE_OBJC_ARC = YES;
				CLANG_WARN_BOOL_CONVERSION = YES;
				CLANG_WARN_CONSTANT_CONVERSION = YES;
				CLANG_WARN_DIRECT_OBJC_ISA_USAGE = YES_ERROR;
				CLANG_WARN_EMPTY_BODY = YES;
				CLANG_WARN_ENUM_CONVERSION = YES;
				CLANG_WARN_INT_CONVERSION = YES;
				CLANG_WARN_OBJC_ROOT_CLASS = YES_ERROR;
				CLANG_WARN_UNREACHABLE_CODE = YES;
				CLANG_WARN__DUPLICATE_METHOD_MATCH = YES;
				COPY_PHASE_STRIP = NO;
				DEBUG_INFORMATION_FORMAT = "dwarf-with-dsym";
				ENABLE_NS_ASSERTIONS = NO;
				ENABLE_STRICT_OBJC_MSGSEND = YES;
				GCC_C_LANGUAGE_STANDARD = gnu99;
				GCC_NO_COMMON_BLOCKS = YES;
				GCC_WARN_64_TO_32_BIT_CONVERSION = YES;
				GCC_WARN_ABOUT_RETURN_TYPE = YES_ERROR;
				GCC_WARN_UNDECLARED_SELECTOR = YES;
				GCC_WARN_UNINITIALIZED_AUTOS = YES_AGGRESSIVE;
				GCC_WARN_UNUSED_FUNCTION = YES;
				GCC_WARN_UNUSED_VARIABLE = YES;
				MACOSX_DEPLOYMENT_TARGET = 10.10;
				MTL_ENABLE_DEBUG_INFO = NO;
				SDKROOT = macosx;
			};
			name = Release;
		};
		C5BA30131B155D130019BCA9 /* Debug */ = {
			isa = XCBuildConfiguration;
			buildSettings = {
				PRODUCT_NAME = FEAlogrithm;
			};
			name = Debug;
		};
		C5BA30141B155D130019BCA9 /* Release */ = {
			isa = XCBuildConfiguration;
			buildSettings = {
				PRODUCT_NAME = FEAlogrithm;
			};
			name = Release;
		};
/* End XCBuildConfiguration section */

/* Begin XCConfigurationList section */
		C5BA30061B155D130019BCA9 /* Build configuration list for PBXProject "FEAlogrithm" */ = {
			isa = XCConfigurationList;
			buildConfigurations = (
				C5BA30101B155D130019BCA9 /* Debug */,
				C5BA30111B155D130019BCA9 /* Release */,
			);
			defaultConfigurationIsVisible = 0;
			defaultConfigurationName = Release;
		};
		C5BA30121B155D130019BCA9 /* Build configuration list for PBXNativeTarget "FEAlogrithm" */ = {
			isa = XCConfigurationList;
			buildConfigurations = (
				C5BA30131B155D130019BCA9 /* Debug */,
				C5BA30141B155D130019BCA9 /* Release */,
			);
			defaultConfigurationIsVisible = 0;
			defaultConfigurationName = Release;
		};
/* End XCConfigurationList section */
	};
	rootObject = C5BA30031B155D130019BCA9 /* Project object */;
}
